
Microsoft Visual Studio Solution File, Format Version 12.00
# Visual Studio Version 17
VisualStudioVersion = 17.4.33403.182
MinimumVisualStudioVersion = 10.0.40219.1
Project("{FAE04EC0-301F-11D3-BF4B-00C04F79EFBC}") = "TestWS1", "TestWS1\TestWS1.csproj", "{2EE7C333-1F8C-4D3A-8CA9-D18B1D9D5930}"
EndProject
Global
	GlobalSection(SolutionConfigurationPlatforms) = preSolution
		Debug|Any CPU = Debug|Any CPU
		Release|Any CPU = Release|Any CPU
	EndGlobalSection
	GlobalSection(ProjectConfigurationPlatforms) = postSolution
		{2EE7C333-1F8C-4D3A-8CA9-D18B1D9D5930}.Debug|Any CPU.ActiveCfg = Debug|Any CPU
		{2EE7C333-1F8C-4D3A-8CA9-D18B1D9D5930}.Debug|Any CPU.Build.0 = Debug|Any CPU
		{2EE7C333-1F8C-4D3A-8CA9-D18B1D9D5930}.Release|Any CPU.ActiveCfg = Release|Any CPU
		{2EE7C333-1F8C-4D3A-8CA9-D18B1D9D5930}.Release|Any CPU.Build.0 = Release|Any CPU
	EndGlobalSection
	GlobalSection(SolutionProperties) = preSolution
		HideSolutionNode = FALSE
	EndGlobalSection
	GlobalSection(ExtensibilityGlobals) = postSolution
		SolutionGuid = {3998B615-C7DE-4B66-92B5-A2F72DE15714}
	EndGlobalSection
EndGlobal
